
Microsoft Visual Studio Solution File, Format Version 12.00
# Visual Studio 2013
VisualStudioVersion = 12.0.31101.0
MinimumVisualStudioVersion = 10.0.40219.1
Project("{FAE04EC0-301F-11D3-BF4B-00C04F79EFBC}") = "DougHnutsPublishing.MongoRepository", "DougHnutsPublishing.MongoRepository\DougHnutsPublishing.MongoRepository.csproj", "{FC80E765-28A3-41E6-8AFE-0AD246D79F43}"
EndProject
Project("{FAE04EC0-301F-11D3-BF4B-00C04F79EFBC}") = "DougHnutsPublishing.MongoRepositoryTests", "DougHnutsPublishing.MongoRepositoryTests\DougHnutsPublishing.MongoRepositoryTests.csproj", "{475F1958-AA3B-4042-BBB1-A131EAD9B9E3}"
EndProject
Global
	GlobalSection(SolutionConfigurationPlatforms) = preSolution
		Debug|Any CPU = Debug|Any CPU
		Release|Any CPU = Release|Any CPU
	EndGlobalSection
	GlobalSection(ProjectConfigurationPlatforms) = postSolution
		{FC80E765-28A3-41E6-8AFE-0AD246D79F43}.Debug|Any CPU.ActiveCfg = Debug|Any CPU
		{FC80E765-28A3-41E6-8AFE-0AD246D79F43}.Debug|Any CPU.Build.0 = Debug|Any CPU
		{FC80E765-28A3-41E6-8AFE-0AD246D79F43}.Release|Any CPU.ActiveCfg = Release|Any CPU
		{FC80E765-28A3-41E6-8AFE-0AD246D79F43}.Release|Any CPU.Build.0 = Release|Any CPU
		{475F1958-AA3B-4042-BBB1-A131EAD9B9E3}.Debug|Any CPU.ActiveCfg = Debug|Any CPU
		{475F1958-AA3B-4042-BBB1-A131EAD9B9E3}.Debug|Any CPU.Build.0 = Debug|Any CPU
		{475F1958-AA3B-4042-BBB1-A131EAD9B9E3}.Release|Any CPU.ActiveCfg = Release|Any CPU
		{475F1958-AA3B-4042-BBB1-A131EAD9B9E3}.Release|Any CPU.Build.0 = Release|Any CPU
	EndGlobalSection
	GlobalSection(SolutionProperties) = preSolution
		HideSolutionNode = FALSE
	EndGlobalSection
EndGlobal
